{
  "nodes": {
    "harper": {
      "flake": false,
      "locked": {
        "lastModified": 1735941143,
        "narHash": "sha256-8kRLDTypxjOGL6BU7HN4OJf00NpOwv47Rc8dv7/YYFs=",
        "owner": "grantlemons",
        "repo": "harper",
        "rev": "7bdc753b54cec79702807fb81a8defafc4a3f1be",
        "type": "github"
      },
      "original": {
        "owner": "grantlemons",
        "repo": "harper",
        "type": "github"
      }
    },
    "nixpkgs": {
      "locked": {
        "lastModified": 1735915915,
        "narHash": "sha256-Q4HuFAvoKAIiTRZTUxJ0ZXeTC7lLfC9/dggGHNXNlCw=",
        "owner": "nixos",
        "repo": "nixpkgs",
        "rev": "a27871180d30ebee8aa6b11bf7fef8a52f024733",
        "type": "github"
      },
      "original": {
        "owner": "nixos",
        "ref": "nixpkgs-unstable",
        "repo": "nixpkgs",
        "type": "github"
      }
    },
    "root": {
      "inputs": {
        "harper": "harper",
        "nixpkgs": "nixpkgs"
      }
    }
  },
  "root": "root",
  "version": 7
}
